
Microsoft Visual Studio Solution File, Format Version 12.00
# Visual Studio Version 17
VisualStudioVersion = 17.2.32630.192
MinimumVisualStudioVersion = 10.0.40219.1
Project("{FAE04EC0-301F-11D3-BF4B-00C04F79EFBC}") = "Smart_bay", "Smart_bay\Smart_bay.csproj", "{6EEC9B48-0A90-46ED-B217-B5EAB55C49D3}"
EndProject
Project("{2150E333-8FDC-42A3-9474-1A3956D46DE8}") = "Solution Items", "Solution Items", "{07E96EA6-1656-444A-90BD-4681700DFA9E}"
EndProject
Global
	GlobalSection(SolutionConfigurationPlatforms) = preSolution
		Debug|Any CPU = Debug|Any CPU
		Release|Any CPU = Release|Any CPU
	EndGlobalSection
	GlobalSection(ProjectConfigurationPlatforms) = postSolution
		{6EEC9B48-0A90-46ED-B217-B5EAB55C49D3}.Debug|Any CPU.ActiveCfg = Debug|Any CPU
		{6EEC9B48-0A90-46ED-B217-B5EAB55C49D3}.Debug|Any CPU.Build.0 = Debug|Any CPU
		{6EEC9B48-0A90-46ED-B217-B5EAB55C49D3}.Release|Any CPU.ActiveCfg = Release|Any CPU
		{6EEC9B48-0A90-46ED-B217-B5EAB55C49D3}.Release|Any CPU.Build.0 = Release|Any CPU
	EndGlobalSection
	GlobalSection(SolutionProperties) = preSolution
		HideSolutionNode = FALSE
	EndGlobalSection
	GlobalSection(ExtensibilityGlobals) = postSolution
		SolutionGuid = {2AC6427E-7BC6-47C9-8EC2-679674971869}
	EndGlobalSection
EndGlobal
